
Microsoft Visual Studio Solution File, Format Version 12.00
# Visual Studio Version 16
VisualStudioVersion = 16.0.31613.86
MinimumVisualStudioVersion = 10.0.40219.1
Project("{9A19103F-16F7-4668-BE54-9A1E7A4F7556}") = "AudioBoard", "AudioBoard\AudioBoard.csproj", "{5167B20C-B5AC-4013-B298-15C2A87AFB41}"
EndProject
Project("{2150E333-8FDC-42A3-9474-1A3956D46DE8}") = "Solution Items", "Solution Items", "{D984EA5F-1F08-469A-9939-395BAEE5130B}"
	ProjectSection(SolutionItems) = preProject
		.editorconfig = .editorconfig
	EndProjectSection
EndProject
Global
	GlobalSection(SolutionConfigurationPlatforms) = preSolution
		Debug|Any CPU = Debug|Any CPU
		Release|Any CPU = Release|Any CPU
	EndGlobalSection
	GlobalSection(ProjectConfigurationPlatforms) = postSolution
		{5167B20C-B5AC-4013-B298-15C2A87AFB41}.Debug|Any CPU.ActiveCfg = Debug|Any CPU
		{5167B20C-B5AC-4013-B298-15C2A87AFB41}.Debug|Any CPU.Build.0 = Debug|Any CPU
		{5167B20C-B5AC-4013-B298-15C2A87AFB41}.Release|Any CPU.ActiveCfg = Release|Any CPU
		{5167B20C-B5AC-4013-B298-15C2A87AFB41}.Release|Any CPU.Build.0 = Release|Any CPU
	EndGlobalSection
	GlobalSection(SolutionProperties) = preSolution
		HideSolutionNode = FALSE
	EndGlobalSection
	GlobalSection(ExtensibilityGlobals) = postSolution
		SolutionGuid = {2C476DA7-522D-4229-95AC-919058A49B00}
	EndGlobalSection
EndGlobal
